# THIS IS AN AUTOGENERATED FILE. DO NOT EDIT THIS FILE DIRECTLY.
# yarn lockfile v1


"@ant-design/colors@^3.1.0":
  version "3.2.2"
  resolved "http://www.yunids.com:8081/repository/npm-public/@ant-design/colors/-/colors-3.2.2.tgz#5ad43d619e911f3488ebac303d606e66a8423903"
  integrity sha1-WtQ9YZ6RHzSI66wwPWBuZqhCOQM=
  dependencies:
    tinycolor2 "^1.4.1"

"@ant-design/css-animation@^1.7.2":
  version "1.7.2"
  resolved "http://www.yunids.com:8081/repository/npm-public/@ant-design/css-animation/-/css-animation-1.7.2.tgz#4ee5d2ec0fb7cc0a78b44e1c82628bd4621ac7e3"
  integrity sha1-TuXS7A+3zAp4tE4cgmKL1GIax+M=

"@ant-design/icons-svg@^4.0.0":
  version "4.1.0"
  resolved "http://www.yunids.com:8081/repository/npm-public/@ant-design/icons-svg/-/icons-svg-4.1.0.tgz#480b025f4b20ef7fe8f47d4a4846e4fee84ea06c"
  integrity sha1-SAsCX0sg73/o9H1KSEbk/uhOoGw=

"@ant-design/icons@^4.2.1":
  version "4.2.1"
  resolved "http://www.yunids.com:8081/repository/npm-public/@ant-design/icons/-/icons-4.2.1.tgz#6f3ea5d98ab782072e4e9cbb70f25e4403ae1a6b"
  integrity sha1-bz6l2Yq3ggcuTpy7cPJeRAOuGms=
  dependencies:
    "@ant-design/colors" "^3.1.0"
    "@ant-design/icons-svg" "^4.0.0"
    "@babel/runtime" "^7.10.1"
    classnames "^2.2.6"
    insert-css "^2.0.0"
    rc-util "^5.0.1"

"@ant-design/react-slick@~0.26.1":
  version "0.26.2"
  resolved "http://www.yunids.com:8081/repository/npm-public/@ant-design/react-slick/-/react-slick-0.26.2.tgz#0ca89fe166c5035b0e49649d813663b92f73a90f"
  integrity sha1-DKif4WbFA1sOSWSdgTZjuS9zqQ8=
  dependencies:
    classnames "^2.2.5"
    json2mq "^0.2.0"
    lodash "^4.17.15"
    resize-observer-polyfill "^1.5.0"

"@babel/runtime@^7.10.1", "@babel/runtime@^7.10.2", "@babel/runtime@^7.8.4":
  version "7.10.3"
  resolved "http://www.yunids.com:8081/repository/npm-public/@babel/runtime/-/runtime-7.10.3.tgz#670d002655a7c366540c67f6fd3342cd09500364"
  integrity sha1-Zw0AJlWnw2ZUDGf2/TNCzQlQA2Q=
  dependencies:
    regenerator-runtime "^0.13.4"

antd@^4.3.4:
  version "4.3.4"
  resolved "http://www.yunids.com:8081/repository/npm-public/antd/-/antd-4.3.4.tgz#000ddf6d8805dad60d8da214c78a422c253b9805"
  integrity sha1-AA3fbYgF2tYNjaIUx4pCLCU7mAU=
  dependencies:
    "@ant-design/css-animation" "^1.7.2"
    "@ant-design/icons" "^4.2.1"
    "@ant-design/react-slick" "~0.26.1"
    array-tree-filter "^2.1.0"
    classnames "^2.2.6"
    copy-to-clipboard "^3.2.0"
    lodash "^4.17.13"
    moment "^2.25.3"
    omit.js "^1.0.2"
    raf "^3.4.1"
    rc-animate "~3.1.0"
    rc-cascader "~1.2.0"
    rc-checkbox "~2.2.0"
    rc-collapse "~2.0.0"
    rc-dialog "~8.0.0"
    rc-drawer "~4.0.0"
    rc-dropdown "~3.1.2"
    rc-field-form "~1.4.1"
    rc-input-number "~5.0.0"
    rc-mentions "~1.2.0"
    rc-menu "~8.3.0"
    rc-notification "~4.4.0"
    rc-pagination "~2.2.5"
    rc-picker "~1.6.1"
    rc-progress "~3.0.0"
    rc-rate "~2.7.0"
    rc-resize-observer "^0.2.3"
    rc-select "~11.0.0"
    rc-slider "~9.3.0"
    rc-steps "~4.0.0"
    rc-switch "~3.2.0"
    rc-table "~7.8.0"
    rc-tabs "~11.4.1"
    rc-tooltip "~4.2.0"
    rc-tree "~3.3.0"
    rc-tree-select "~4.0.0"
    rc-trigger "~4.3.0"
    rc-upload "~3.1.0"
    rc-util "^5.0.1"
    scroll-into-view-if-needed "^2.2.25"
    warning "^4.0.3"

array-tree-filter@^2.1.0:
  version "2.1.0"
  resolved "http://www.yunids.com:8081/repository/npm-public/array-tree-filter/-/array-tree-filter-2.1.0.tgz#873ac00fec83749f255ac8dd083814b4f6329190"
  integrity sha1-hzrAD+yDdJ8lWsjdCDgUtPYykZA=

async-validator@^3.0.3:
  version "3.3.0"
  resolved "http://www.yunids.com:8081/repository/npm-public/async-validator/-/async-validator-3.3.0.tgz#1d92193bbe60d6d6c8b246692c7005e9ed14a8ee"
  integrity sha1-HZIZO75g1tbIskZpLHAF6e0UqO4=

babel-runtime@6.x, babel-runtime@^6.23.0:
  version "6.26.0"
  resolved "http://www.yunids.com:8081/repository/npm-public/babel-runtime/-/babel-runtime-6.26.0.tgz#965c7058668e82b55d7bfe04ff2337bc8b5647fe"
  integrity sha1-llxwWGaOgrVde/4E/yM3vItWR/4=
  dependencies:
    core-js "^2.4.0"
    regenerator-runtime "^0.11.0"

bs-platform@^7.3.2:
  version "7.3.2"
  resolved "http://www.yunids.com:8081/repository/npm-public/bs-platform/-/bs-platform-7.3.2.tgz#301f5c9b4e8cf5713cb60ca22e145e56e793affe"
  integrity sha1-MB9cm06M9XE8tgyiLhReVueTr/4=

bsb-js@^1.1.7:
  version "1.1.7"
  resolved "http://www.yunids.com:8081/repository/npm-public/bsb-js/-/bsb-js-1.1.7.tgz#12cc91e974f5896b3a2aa8358419d24e56f552c3"
  integrity sha1-EsyR6XT1iWs6Kqg1hBnSTlb1UsM=

classnames@2.x, classnames@^2.2.0, classnames@^2.2.1, classnames@^2.2.3, classnames@^2.2.5, classnames@^2.2.6:
  version "2.2.6"
  resolved "http://www.yunids.com:8081/repository/npm-public/classnames/-/classnames-2.2.6.tgz#43935bffdd291f326dad0a205309b38d00f650ce"
  integrity sha1-Q5Nb/90pHzJtrQogUwmzjQD2UM4=

compute-scroll-into-view@^1.0.14:
  version "1.0.14"
  resolved "http://www.yunids.com:8081/repository/npm-public/compute-scroll-into-view/-/compute-scroll-into-view-1.0.14.tgz#80e3ebb25d6aa89f42e533956cb4b16a04cfe759"
  integrity sha1-gOPrsl1qqJ9C5TOVbLSxagTP51k=

copy-to-clipboard@^3.2.0:
  version "3.3.1"
  resolved "http://www.yunids.com:8081/repository/npm-public/copy-to-clipboard/-/copy-to-clipboard-3.3.1.tgz#115aa1a9998ffab6196f93076ad6da3b913662ae"
  integrity sha1-EVqhqZmP+rYZb5MHatbaO5E2Yq4=
  dependencies:
    toggle-selection "^1.0.6"

core-js@^2.4.0:
  version "2.6.11"
  resolved "http://www.yunids.com:8081/repository/npm-public/core-js/-/core-js-2.6.11.tgz#38831469f9922bded8ee21c9dc46985e0399308c"
  integrity sha1-OIMUafmSK97Y7iHJ3EaYXgOZMIw=

debug@2.6.9:
  version "2.6.9"
  resolved "http://www.yunids.com:8081/repository/npm-public/debug/-/debug-2.6.9.tgz#5d128515df134ff327e90a4c93f4e077a536341f"
  integrity sha1-XRKFFd8TT/Mn6QpMk/Tgd6U2NB8=
  dependencies:
    ms "2.0.0"

depd@~1.1.2:
  version "1.1.2"
  resolved "http://www.yunids.com:8081/repository/npm-public/depd/-/depd-1.1.2.tgz#9bcd52e14c097763e749b274c4346ed2e560b5a9"
  integrity sha1-m81S4UwJd2PnSbJ0xDRu0uVgtak=

destroy@~1.0.4:
  version "1.0.4"
  resolved "http://www.yunids.com:8081/repository/npm-public/destroy/-/destroy-1.0.4.tgz#978857442c44749e4206613e37946205826abd80"
  integrity sha1-l4hXRCxEdJ5CBmE+N5RiBYJqvYA=

dom-align@^1.7.0:
  version "1.12.0"
  resolved "http://www.yunids.com:8081/repository/npm-public/dom-align/-/dom-align-1.12.0.tgz#56fb7156df0b91099830364d2d48f88963f5a29c"
  integrity sha1-VvtxVt8LkQmYMDZNLUj4iWP1opw=

ee-first@1.1.1:
  version "1.1.1"
  resolved "http://www.yunids.com:8081/repository/npm-public/ee-first/-/ee-first-1.1.1.tgz#590c61156b0ae2f4f0255732a158b266bc56b21d"
  integrity sha1-WQxhFWsK4vTwJVcyoViyZrxWsh0=

encodeurl@~1.0.2:
  version "1.0.2"
  resolved "http://www.yunids.com:8081/repository/npm-public/encodeurl/-/encodeurl-1.0.2.tgz#ad3ff4c86ec2d029322f5a02c3a9a606c95b3f59"
  integrity sha1-rT/0yG7C0CkyL1oCw6mmBslbP1k=

escape-html@~1.0.3:
  version "1.0.3"
  resolved "http://www.yunids.com:8081/repository/npm-public/escape-html/-/escape-html-1.0.3.tgz#0258eae4d3d0c0974de1c169188ef0051d1d1988"
  integrity sha1-Aljq5NPQwJdN4cFpGI7wBR0dGYg=

etag@~1.8.1:
  version "1.8.1"
  resolved "http://www.yunids.com:8081/repository/npm-public/etag/-/etag-1.8.1.tgz#41ae2eeb65efa62268aebfea83ac7d79299b0887"
  integrity sha1-Qa4u62XvpiJorr/qg6x9eSmbCIc=

fresh@0.5.2:
  version "0.5.2"
  resolved "http://www.yunids.com:8081/repository/npm-public/fresh/-/fresh-0.5.2.tgz#3d8cadd90d976569fa835ab1f8e4b23a105605a7"
  integrity sha1-PYyt2Q2XZWn6g1qx+OSyOhBWBac=

hoist-non-react-statics@^3.3.2:
  version "3.3.2"
  resolved "http://www.yunids.com:8081/repository/npm-public/hoist-non-react-statics/-/hoist-non-react-statics-3.3.2.tgz#ece0acaf71d62c2969c2ec59feff42a4b1a85b45"
  integrity sha1-7OCsr3HWLClpwuxZ/v9CpLGoW0U=
  dependencies:
    react-is "^16.7.0"

http-errors@~1.7.2:
  version "1.7.3"
  resolved "http://www.yunids.com:8081/repository/npm-public/http-errors/-/http-errors-1.7.3.tgz#6c619e4f9c60308c38519498c14fbb10aacebb06"
  integrity sha1-bGGeT5xgMIw4UZSYwU+7EKrOuwY=
  dependencies:
    depd "~1.1.2"
    inherits "2.0.4"
    setprototypeof "1.1.1"
    statuses ">= 1.5.0 < 2"
    toidentifier "1.0.0"

inherits@2.0.4:
  version "2.0.4"
  resolved "http://www.yunids.com:8081/repository/npm-public/inherits/-/inherits-2.0.4.tgz#0fa2c64f932917c3433a0ded55363aae37416b7c"
  integrity sha1-D6LGT5MpF8NDOg3tVTY6rjdBa3w=

insert-css@^2.0.0:
  version "2.0.0"
  resolved "http://www.yunids.com:8081/repository/npm-public/insert-css/-/insert-css-2.0.0.tgz#eb5d1097b7542f4c79ea3060d3aee07d053880f4"
  integrity sha1-610Ql7dUL0x56jBg067gfQU4gPQ=

"js-tokens@^3.0.0 || ^4.0.0":
  version "4.0.0"
  resolved "http://www.yunids.com:8081/repository/npm-public/js-tokens/-/js-tokens-4.0.0.tgz#19203fb59991df98e3a287050d4647cdeaf32499"
  integrity sha1-GSA/tZmR35jjoocFDUZHzerzJJk=

json2mq@^0.2.0:
  version "0.2.0"
  resolved "http://www.yunids.com:8081/repository/npm-public/json2mq/-/json2mq-0.2.0.tgz#b637bd3ba9eabe122c83e9720483aeb10d2c904a"
  integrity sha1-tje9O6nqvhIsg+lyBIOusQ0skEo=
  dependencies:
    string-convert "^0.2.0"

lodash@^4.17.13, lodash@^4.17.15:
  version "4.17.15"
  resolved "http://www.yunids.com:8081/repository/npm-public/lodash/-/lodash-4.17.15.tgz#b447f6670a0455bbfeedd11392eff330ea097548"
  integrity sha1-tEf2ZwoEVbv+7dETku/zMOoJdUg=

loose-envify@^1.0.0, loose-envify@^1.1.0, loose-envify@^1.4.0:
  version "1.4.0"
  resolved "http://www.yunids.com:8081/repository/npm-public/loose-envify/-/loose-envify-1.4.0.tgz#71ee51fa7be4caec1a63839f7e682d8132d30caf"
  integrity sha1-ce5R+nvkyuwaY4OffmgtgTLTDK8=
  dependencies:
    js-tokens "^3.0.0 || ^4.0.0"

mime@1.6.0:
  version "1.6.0"
  resolved "http://www.yunids.com:8081/repository/npm-public/mime/-/mime-1.6.0.tgz#32cd9e5c64553bd58d19a568af452acff04981b1"
  integrity sha1-Ms2eXGRVO9WNGaVor0Uqz/BJgbE=

mini-store@^3.0.1:
  version "3.0.5"
  resolved "http://www.yunids.com:8081/repository/npm-public/mini-store/-/mini-store-3.0.5.tgz#1b3808ee5e8173ecdcbf43b029137e9a72bb9fb8"
  integrity sha1-GzgI7l6Bc+zcv0OwKRN+mnK7n7g=
  dependencies:
    hoist-non-react-statics "^3.3.2"
    shallowequal "^1.0.2"

moduleserve@^0.9.0:
  version "0.9.1"
  resolved "http://www.yunids.com:8081/repository/npm-public/moduleserve/-/moduleserve-0.9.1.tgz#11bad4337ea248d7eaf10d2c7f8649a8c3b9c1f8"
  integrity sha1-EbrUM36iSNfq8Q0sf4ZJqMO5wfg=
  dependencies:
    send "^0.17.1"
    serve-static "^1.14.1"

moment@^2.24.0, moment@^2.25.3:
  version "2.29.4"
  resolved "https://registry.yarnpkg.com/moment/-/moment-2.29.4.tgz#3dbe052889fe7c1b2ed966fcb3a77328964ef108"
  integrity sha512-5LC9SOxjSc2HF6vO2CyuTDNivEdoz2IvyJJGj6X8DJ0eFyfszE0QiEd+iXmBvUP3WHxSjFH/vIsA0EN00cgr8w==

ms@2.0.0:
  version "2.0.0"
  resolved "http://www.yunids.com:8081/repository/npm-public/ms/-/ms-2.0.0.tgz#5608aeadfc00be6c2901df5f9861788de0d597c8"
  integrity sha1-VgiurfwAvmwpAd9fmGF4jeDVl8g=

ms@2.1.1:
  version "2.1.1"
  resolved "http://www.yunids.com:8081/repository/npm-public/ms/-/ms-2.1.1.tgz#30a5864eb3ebb0a66f2ebe6d727af06a09d86e0a"
  integrity sha1-MKWGTrPrsKZvLr5tcnrwagnYbgo=

object-assign@^4.1.1:
  version "4.1.1"
  resolved "http://www.yunids.com:8081/repository/npm-public/object-assign/-/object-assign-4.1.1.tgz#2109adc7965887cfc05cbbd442cac8bfbb360863"
  integrity sha1-IQmtx5ZYh8/AXLvUQsrIv7s2CGM=

omit.js@^1.0.2:
  version "1.0.2"
  resolved "http://www.yunids.com:8081/repository/npm-public/omit.js/-/omit.js-1.0.2.tgz#91a14f0eba84066dfa015bf30e474c47f30bc858"
  integrity sha1-kaFPDrqEBm36AVvzDkdMR/MLyFg=
  dependencies:
    babel-runtime "^6.23.0"

on-finished@~2.3.0:
  version "2.3.0"
  resolved "http://www.yunids.com:8081/repository/npm-public/on-finished/-/on-finished-2.3.0.tgz#20f1336481b083cd75337992a16971aa2d906947"
  integrity sha1-IPEzZIGwg811M3mSoWlxqi2QaUc=
  dependencies:
    ee-first "1.1.1"

parseurl@~1.3.3:
  version "1.3.3"
  resolved "http://www.yunids.com:8081/repository/npm-public/parseurl/-/parseurl-1.3.3.tgz#9da19e7bee8d12dff0513ed5b76957793bc2e8d4"
  integrity sha1-naGee+6NEt/wUT7Vt2lXeTvC6NQ=

performance-now@^2.1.0:
  version "2.1.0"
  resolved "http://www.yunids.com:8081/repository/npm-public/performance-now/-/performance-now-2.1.0.tgz#6309f4e0e5fa913ec1c69307ae364b4b377c9e7b"
  integrity sha1-Ywn04OX6kT7BxpMHrjZLSzd8nns=

prop-types@^15.6.2:
  version "15.7.2"
  resolved "http://www.yunids.com:8081/repository/npm-public/prop-types/-/prop-types-15.7.2.tgz#52c41e75b8c87e72b9d9360e0206b99dcbffa6c5"
  integrity sha1-UsQedbjIfnK52TYOAga5ncv/psU=
  dependencies:
    loose-envify "^1.4.0"
    object-assign "^4.1.1"
    react-is "^16.8.1"

raf@^3.4.0, raf@^3.4.1:
  version "3.4.1"
  resolved "http://www.yunids.com:8081/repository/npm-public/raf/-/raf-3.4.1.tgz#0742e99a4a6552f445d73e3ee0328af0ff1ede39"
  integrity sha1-B0LpmkplUvRF1z4+4DKK8P8e3jk=
  dependencies:
    performance-now "^2.1.0"

range-parser@~1.2.1:
  version "1.2.1"
  resolved "http://www.yunids.com:8081/repository/npm-public/range-parser/-/range-parser-1.2.1.tgz#3cf37023d199e1c24d1a55b84800c2f3e6468031"
  integrity sha1-PPNwI9GZ4cJNGlW4SADC8+ZGgDE=

rc-align@^4.0.0:
  version "4.0.1"
  resolved "http://www.yunids.com:8081/repository/npm-public/rc-align/-/rc-align-4.0.1.tgz#0566de141a82d9a1923b7672c70bdb19dcde6e23"
  integrity sha1-BWbeFBqC2aGSO3ZyxwvbGdzebiM=
  dependencies:
    "@babel/runtime" "^7.10.1"
    classnames "2.x"
    dom-align "^1.7.0"
    rc-util "^5.0.1"
    resize-observer-polyfill "^1.5.1"

rc-animate@3.x, rc-animate@^3.0.0, rc-animate@^3.1.0, rc-animate@~3.1.0:
  version "3.1.0"
  resolved "http://www.yunids.com:8081/repository/npm-public/rc-animate/-/rc-animate-3.1.0.tgz#051b689c2c7194e4c8ae016d32a0e5f9de6c8baa"
  integrity sha1-BRtonCxxlOTIrgFtMqDl+d5si6o=
  dependencies:
    "@ant-design/css-animation" "^1.7.2"
    classnames "^2.2.6"
    raf "^3.4.0"
    rc-util "^5.0.1"

rc-cascader@~1.2.0:
  version "1.2.0"
  resolved "http://www.yunids.com:8081/repository/npm-public/rc-cascader/-/rc-cascader-1.2.0.tgz#46bc9044af39e1394b95ed84ef4d1397ae3c8de0"
  integrity sha1-RryQRK854TlLle2E700Tl648jeA=
  dependencies:
    array-tree-filter "^2.1.0"
    rc-trigger "^4.0.0"
    rc-util "^5.0.1"
    warning "^4.0.1"

rc-checkbox@~2.2.0:
  version "2.2.0"
  resolved "http://www.yunids.com:8081/repository/npm-public/rc-checkbox/-/rc-checkbox-2.2.0.tgz#a0ce95c34f05e0eb882664174518cd4baa36dce9"
  integrity sha1-oM6Vw08F4OuIJmQXRRjNS6o23Ok=
  dependencies:
    babel-runtime "^6.23.0"
    classnames "2.x"

rc-collapse@~2.0.0:
  version "2.0.0"
  resolved "http://www.yunids.com:8081/repository/npm-public/rc-collapse/-/rc-collapse-2.0.0.tgz#08c5942f82005b4342ced02d983581e4c41cd324"
  integrity sha1-CMWUL4IAW0NCztAtmDWB5MQc0yQ=
  dependencies:
    "@ant-design/css-animation" "^1.7.2"
    classnames "2.x"
    rc-animate "3.x"
    react-is "^16.7.0"
    shallowequal "^1.1.0"

rc-dialog@~8.0.0:
  version "8.0.1"
  resolved "http://www.yunids.com:8081/repository/npm-public/rc-dialog/-/rc-dialog-8.0.1.tgz#b9265edfc9ac5d75a381bd340bc5e9720572a760"
  integrity sha1-uSZe38msXXWjgb00C8XpcgVyp2A=
  dependencies:
    babel-runtime "6.x"
    rc-animate "3.x"
    rc-util "^5.0.1"

rc-drawer@~4.0.0:
  version "4.0.1"
  resolved "http://www.yunids.com:8081/repository/npm-public/rc-drawer/-/rc-drawer-4.0.1.tgz#eb13505021a8822380f9904b0e5c66e291bb9b64"
  integrity sha1-6xNQUCGogiOA+ZBLDlxm4pG7m2Q=
  dependencies:
    "@babel/runtime" "^7.10.1"
    classnames "^2.2.6"
    rc-util "^5.0.1"

rc-dropdown@^3.1.0, rc-dropdown@~3.1.2:
  version "3.1.2"
  resolved "http://www.yunids.com:8081/repository/npm-public/rc-dropdown/-/rc-dropdown-3.1.2.tgz#5199bd532ac8519813a347d194ab4b0cee702333"
  integrity sha1-UZm9UyrIUZgTo0fRlKtLDO5wIzM=
  dependencies:
    "@babel/runtime" "^7.10.1"
    classnames "^2.2.6"
    rc-trigger "^4.0.0"

rc-field-form@~1.4.1:
  version "1.4.4"
  resolved "http://www.yunids.com:8081/repository/npm-public/rc-field-form/-/rc-field-form-1.4.4.tgz#3689d19a8acd2bb9fe7ff43275bc42170d62f20d"
  integrity sha1-NonRmorNK7n+f/QydbxCFw1i8g0=
  dependencies:
    "@babel/runtime" "^7.8.4"
    async-validator "^3.0.3"
    rc-util "^5.0.0"

rc-input-number@~5.0.0:
  version "5.0.1"
  resolved "http://www.yunids.com:8081/repository/npm-public/rc-input-number/-/rc-input-number-5.0.1.tgz#bafbea11516fdc34ae309dd56b99ab11ab6bc9bf"
  integrity sha1-uvvqEVFv3DSuMJ3Va5mrEatryb8=
  dependencies:
    classnames "^2.2.0"
    rc-util "^5.0.1"

rc-mentions@~1.2.0:
  version "1.2.0"
  resolved "http://www.yunids.com:8081/repository/npm-public/rc-mentions/-/rc-mentions-1.2.0.tgz#54347ac3c699318af9f14828acad012f32cd51cd"
  integrity sha1-VDR6w8aZMYr58UgorK0BLzLNUc0=
  dependencies:
    "@babel/runtime" "^7.10.1"
    classnames "^2.2.6"
    rc-menu "^8.0.1"
    rc-trigger "^4.3.0"
    rc-util "^5.0.1"

rc-menu@^8.0.1, rc-menu@^8.2.1, rc-menu@~8.3.0:
  version "8.3.1"
  resolved "http://www.yunids.com:8081/repository/npm-public/rc-menu/-/rc-menu-8.3.1.tgz#1ae8f27792de4734d29d2ec353410881ee65a00c"
  integrity sha1-Gujyd5LeRzTSnS7DU0EIge5loAw=
  dependencies:
    "@babel/runtime" "^7.10.1"
    classnames "2.x"
    mini-store "^3.0.1"
    rc-animate "^3.1.0"
    rc-trigger "^4.2.0"
    rc-util "^5.0.1"
    resize-observer-polyfill "^1.5.0"
    shallowequal "^1.1.0"

rc-notification@~4.4.0:
  version "4.4.0"
  resolved "http://www.yunids.com:8081/repository/npm-public/rc-notification/-/rc-notification-4.4.0.tgz#192d082cd6e2995705f43c6929162631c71e3db1"
  integrity sha1-GS0ILNbimVcF9DxpKRYmMccePbE=
  dependencies:
    "@babel/runtime" "^7.10.1"
    classnames "2.x"
    rc-animate "3.x"
    rc-util "^5.0.1"

rc-pagination@~2.2.5:
  version "2.2.5"
  resolved "http://www.yunids.com:8081/repository/npm-public/rc-pagination/-/rc-pagination-2.2.5.tgz#40d675c06d604099be91831b019ca19f40c1999d"
  integrity sha1-QNZ1wG1gQJm+kYMbAZyhn0DBmZ0=
  dependencies:
    "@babel/runtime" "^7.10.1"
    classnames "^2.2.1"

rc-picker@~1.6.1:
  version "1.6.4"
  resolved "http://www.yunids.com:8081/repository/npm-public/rc-picker/-/rc-picker-1.6.4.tgz#bafb4bb3edc82440820572a9cefba436fabfc3fd"
  integrity sha1-uvtLs+3IJECCBXKpzvukNvq/w/0=
  dependencies:
    "@babel/runtime" "^7.10.1"
    classnames "^2.2.1"
    moment "^2.24.0"
    rc-trigger "^4.0.0"
    rc-util "^5.0.1"
    shallowequal "^1.1.0"

rc-progress@~3.0.0:
  version "3.0.0"
  resolved "http://www.yunids.com:8081/repository/npm-public/rc-progress/-/rc-progress-3.0.0.tgz#cea324ce8fc31421cd815d94a4649a8a29f8f8db"
  integrity sha1-zqMkzo/DFCHNgV2UpGSaiin4+Ns=
  dependencies:
    classnames "^2.2.6"

rc-rate@~2.7.0:
  version "2.7.0"
  resolved "http://www.yunids.com:8081/repository/npm-public/rc-rate/-/rc-rate-2.7.0.tgz#4a436dc2b72397968f4d3df3742704888a395112"
  integrity sha1-SkNtwrcjl5aPTT3zdCcEiIo5URI=
  dependencies:
    "@babel/runtime" "^7.10.1"
    classnames "^2.2.5"
    rc-util "^5.0.1"

rc-resize-observer@^0.2.0, rc-resize-observer@^0.2.1, rc-resize-observer@^0.2.3:
  version "0.2.3"
  resolved "http://www.yunids.com:8081/repository/npm-public/rc-resize-observer/-/rc-resize-observer-0.2.3.tgz#8268284d1766d163240b1682661ae7b59bc4523d"
  integrity sha1-gmgoTRdm0WMkCxaCZhrntZvEUj0=
  dependencies:
    "@babel/runtime" "^7.10.1"
    classnames "^2.2.1"
    rc-util "^5.0.0"
    resize-observer-polyfill "^1.5.1"

rc-select@^11.0.0, rc-select@~11.0.0:
  version "11.0.3"
  resolved "http://www.yunids.com:8081/repository/npm-public/rc-select/-/rc-select-11.0.3.tgz#12bc63b0a55e18384596fea1c3845dbc33e254c5"
  integrity sha1-ErxjsKVeGDhFlv6hw4RdvDPiVMU=
  dependencies:
    "@babel/runtime" "^7.10.1"
    classnames "2.x"
    rc-animate "^3.0.0"
    rc-trigger "^4.3.0"
    rc-util "^5.0.1"
    rc-virtual-list "^1.1.2"
    warning "^4.0.3"

rc-slider@~9.3.0:
  version "9.3.1"
  resolved "http://www.yunids.com:8081/repository/npm-public/rc-slider/-/rc-slider-9.3.1.tgz#444012f3b4847d592b167a9cee6a1a46779a6ef4"
  integrity sha1-REAS87SEfVkrFnqc7moaRneabvQ=
  dependencies:
    "@babel/runtime" "^7.10.1"
    classnames "^2.2.5"
    rc-tooltip "^4.0.0"
    rc-util "^5.0.0"
    shallowequal "^1.1.0"

rc-steps@~4.0.0:
  version "4.0.0"
  resolved "http://www.yunids.com:8081/repository/npm-public/rc-steps/-/rc-steps-4.0.0.tgz#fee917d749fe1a16bcc920edc098a439e1911774"
  integrity sha1-/ukX10n+Gha8ySDtwJikOeGRF3Q=
  dependencies:
    "@babel/runtime" "^7.10.2"
    classnames "^2.2.3"
    rc-util "^5.0.1"

rc-switch@~3.2.0:
  version "3.2.0"
  resolved "http://www.yunids.com:8081/repository/npm-public/rc-switch/-/rc-switch-3.2.0.tgz#aa36bb417409ff4cc7d542ec4381cb5d87cfedc1"
  integrity sha1-qja7QXQJ/0zH1ULsQ4HLXYfP7cE=
  dependencies:
    "@babel/runtime" "^7.10.1"
    classnames "^2.2.1"
    rc-util "^5.0.1"

rc-table@~7.8.0:
  version "7.8.0"
  resolved "http://www.yunids.com:8081/repository/npm-public/rc-table/-/rc-table-7.8.0.tgz#13152345e57b9764c5efb3e458a3248b45805fd2"
  integrity sha1-ExUjReV7l2TF77PkWKMki0WAX9I=
  dependencies:
    "@babel/runtime" "^7.10.1"
    classnames "^2.2.5"
    raf "^3.4.1"
    rc-resize-observer "^0.2.0"
    rc-util "^5.0.0"
    shallowequal "^1.1.0"

rc-tabs@~11.4.1:
  version "11.4.1"
  resolved "http://www.yunids.com:8081/repository/npm-public/rc-tabs/-/rc-tabs-11.4.1.tgz#50b1f0504bbdc8bc7f835774c8c297ee843b06c4"
  integrity sha1-ULHwUEu9yLx/g1d0yMKX7oQ7BsQ=
  dependencies:
    "@babel/runtime" "^7.10.1"
    classnames "2.x"
    raf "^3.4.1"
    rc-dropdown "^3.1.0"
    rc-menu "^8.2.1"
    rc-resize-observer "^0.2.1"
    rc-trigger "^4.2.1"
    rc-util "^5.0.0"

rc-tooltip@^4.0.0, rc-tooltip@~4.2.0:
  version "4.2.1"
  resolved "http://www.yunids.com:8081/repository/npm-public/rc-tooltip/-/rc-tooltip-4.2.1.tgz#c1a2d5017ee03a771a9301c0dfdb46dfdf8fef94"
  integrity sha1-waLVAX7gOncakwHA39tG39+P75Q=
  dependencies:
    rc-trigger "^4.2.1"

rc-tree-select@~4.0.0:
  version "4.0.1"
  resolved "http://www.yunids.com:8081/repository/npm-public/rc-tree-select/-/rc-tree-select-4.0.1.tgz#0820efbf19624ed1ca37bf3d65bba6f85a1cf16d"
  integrity sha1-CCDvvxliTtHKN789Zbum+Foc8W0=
  dependencies:
    "@babel/runtime" "^7.10.1"
    classnames "2.x"
    rc-select "^11.0.0"
    rc-tree "^3.1.0"
    rc-util "^5.0.1"

rc-tree@^3.1.0:
  version "3.5.0"
  resolved "http://www.yunids.com:8081/repository/npm-public/rc-tree/-/rc-tree-3.5.0.tgz#261a57f44ba11567fab73ae565eb885d167bea3f"
  integrity sha1-JhpX9EuhFWf6tzrlZeuIXRZ76j8=
  dependencies:
    "@babel/runtime" "^7.10.1"
    classnames "2.x"
    rc-animate "^3.1.0"
    rc-util "^5.0.0"
    rc-virtual-list "^1.1.0"

rc-tree@~3.3.0:
  version "3.3.1"
  resolved "http://www.yunids.com:8081/repository/npm-public/rc-tree/-/rc-tree-3.3.1.tgz#1b656ded2a8447bc8a7cae18e6cd97f5b85bad0b"
  integrity sha1-G2Vt7SqER7yKfK4Y5s2X9bhbrQs=
  dependencies:
    "@babel/runtime" "^7.10.1"
    classnames "2.x"
    rc-animate "^3.1.0"
    rc-util "^5.0.0"
    rc-virtual-list "^1.1.0"

rc-trigger@^4.0.0, rc-trigger@^4.2.0, rc-trigger@^4.2.1, rc-trigger@^4.3.0, rc-trigger@~4.3.0:
  version "4.3.0"
  resolved "http://www.yunids.com:8081/repository/npm-public/rc-trigger/-/rc-trigger-4.3.0.tgz#94ea1851d123359716d1dc3030083c015a92ecfb"
  integrity sha1-lOoYUdEjNZcW0dwwMAg8AVqS7Ps=
  dependencies:
    "@babel/runtime" "^7.10.1"
    classnames "^2.2.6"
    raf "^3.4.1"
    rc-align "^4.0.0"
    rc-animate "^3.0.0"
    rc-util "^5.0.1"

rc-upload@~3.1.0:
  version "3.1.4"
  resolved "http://www.yunids.com:8081/repository/npm-public/rc-upload/-/rc-upload-3.1.4.tgz#f61576b29a32e86b893f2911cb389f850a44f403"
  integrity sha1-9hV2spoy6GuJPykRyzifhQpE9AM=
  dependencies:
    classnames "^2.2.5"

rc-util@^5.0.0, rc-util@^5.0.1:
  version "5.0.4"
  resolved "http://www.yunids.com:8081/repository/npm-public/rc-util/-/rc-util-5.0.4.tgz#297bd719b1bd00b3c947a884ab7ef0a07c55dce6"
  integrity sha1-KXvXGbG9ALPJR6iEq37woHxV3OY=
  dependencies:
    react-is "^16.12.0"
    shallowequal "^1.1.0"

rc-virtual-list@^1.1.0, rc-virtual-list@^1.1.2:
  version "1.1.5"
  resolved "http://www.yunids.com:8081/repository/npm-public/rc-virtual-list/-/rc-virtual-list-1.1.5.tgz#6edf7222830c7dd732f62698c8468b7f08ac8dec"
  integrity sha1-bt9yIoMMfdcy9iaYyEaLfwisjew=
  dependencies:
    classnames "^2.2.6"
    raf "^3.4.1"
    rc-util "^5.0.0"

react-dom@>=16.9.0:
  version "16.13.1"
  resolved "http://www.yunids.com:8081/repository/npm-public/react-dom/-/react-dom-16.13.1.tgz#c1bd37331a0486c078ee54c4740720993b2e0e7f"
  integrity sha1-wb03MxoEhsB47lTEdAcgmTsuDn8=
  dependencies:
    loose-envify "^1.1.0"
    object-assign "^4.1.1"
    prop-types "^15.6.2"
    scheduler "^0.19.1"

react-is@^16.12.0, react-is@^16.7.0, react-is@^16.8.1:
  version "16.13.1"
  resolved "http://www.yunids.com:8081/repository/npm-public/react-is/-/react-is-16.13.1.tgz#789729a4dc36de2999dc156dd6c1d9c18cea56a4"
  integrity sha1-eJcppNw23imZ3BVt1sHZwYzqVqQ=

react@>=16.9.0:
  version "16.13.1"
  resolved "http://www.yunids.com:8081/repository/npm-public/react/-/react-16.13.1.tgz#2e818822f1a9743122c063d6410d85c1e3afe48e"
  integrity sha1-LoGIIvGpdDEiwGPWQQ2FweOv5I4=
  dependencies:
    loose-envify "^1.1.0"
    object-assign "^4.1.1"
    prop-types "^15.6.2"

reason-react@>=0.7.1:
  version "0.9.1"
  resolved "http://www.yunids.com:8081/repository/npm-public/reason-react/-/reason-react-0.9.1.tgz#30a887158200b659aa03e2d75ff4cc54dc462bb0"
  integrity sha1-MKiHFYIAtlmqA+LXX/TMVNxGK7A=

regenerator-runtime@^0.11.0:
  version "0.11.1"
  resolved "http://www.yunids.com:8081/repository/npm-public/regenerator-runtime/-/regenerator-runtime-0.11.1.tgz#be05ad7f9bf7d22e056f9726cee5017fbf19e2e9"
  integrity sha1-vgWtf5v30i4Fb5cmzuUBf78Z4uk=

regenerator-runtime@^0.13.4:
  version "0.13.5"
  resolved "http://www.yunids.com:8081/repository/npm-public/regenerator-runtime/-/regenerator-runtime-0.13.5.tgz#d878a1d094b4306d10b9096484b33ebd55e26697"
  integrity sha1-2Hih0JS0MG0QuQlkhLM+vVXiZpc=

resize-observer-polyfill@^1.5.0, resize-observer-polyfill@^1.5.1:
  version "1.5.1"
  resolved "http://www.yunids.com:8081/repository/npm-public/resize-observer-polyfill/-/resize-observer-polyfill-1.5.1.tgz#0e9020dd3d21024458d4ebd27e23e40269810464"
  integrity sha1-DpAg3T0hAkRY1OvSfiPkAmmBBGQ=

scheduler@^0.19.1:
  version "0.19.1"
  resolved "http://www.yunids.com:8081/repository/npm-public/scheduler/-/scheduler-0.19.1.tgz#4f3e2ed2c1a7d65681f4c854fa8c5a1ccb40f196"
  integrity sha1-Tz4u0sGn1laB9MhU+oxaHMtA8ZY=
  dependencies:
    loose-envify "^1.1.0"
    object-assign "^4.1.1"

scroll-into-view-if-needed@^2.2.25:
  version "2.2.25"
  resolved "http://www.yunids.com:8081/repository/npm-public/scroll-into-view-if-needed/-/scroll-into-view-if-needed-2.2.25.tgz#117b7bc7c61bc7a2b7872a0984bc73a19bc6e961"
  integrity sha1-EXt7x8Ybx6K3hyoJhLxzoZvG6WE=
  dependencies:
    compute-scroll-into-view "^1.0.14"

send@0.17.1, send@^0.17.1:
  version "0.17.1"
  resolved "http://www.yunids.com:8081/repository/npm-public/send/-/send-0.17.1.tgz#c1d8b059f7900f7466dd4938bdc44e11ddb376c8"
  integrity sha1-wdiwWfeQD3Rm3Uk4vcROEd2zdsg=
  dependencies:
    debug "2.6.9"
    depd "~1.1.2"
    destroy "~1.0.4"
    encodeurl "~1.0.2"
    escape-html "~1.0.3"
    etag "~1.8.1"
    fresh "0.5.2"
    http-errors "~1.7.2"
    mime "1.6.0"
    ms "2.1.1"
    on-finished "~2.3.0"
    range-parser "~1.2.1"
    statuses "~1.5.0"

serve-static@^1.14.1:
  version "1.14.1"
  resolved "http://www.yunids.com:8081/repository/npm-public/serve-static/-/serve-static-1.14.1.tgz#666e636dc4f010f7ef29970a88a674320898b2f9"
  integrity sha1-Zm5jbcTwEPfvKZcKiKZ0MgiYsvk=
  dependencies:
    encodeurl "~1.0.2"
    escape-html "~1.0.3"
    parseurl "~1.3.3"
    send "0.17.1"

setprototypeof@1.1.1:
  version "1.1.1"
  resolved "http://www.yunids.com:8081/repository/npm-public/setprototypeof/-/setprototypeof-1.1.1.tgz#7e95acb24aa92f5885e0abef5ba131330d4ae683"
  integrity sha1-fpWsskqpL1iF4KvvW6ExMw1K5oM=

shallowequal@^1.0.2, shallowequal@^1.1.0:
  version "1.1.0"
  resolved "http://www.yunids.com:8081/repository/npm-public/shallowequal/-/shallowequal-1.1.0.tgz#188d521de95b9087404fd4dcb68b13df0ae4e7f8"
  integrity sha1-GI1SHelbkIdAT9TctosT3wrk5/g=

"statuses@>= 1.5.0 < 2", statuses@~1.5.0:
  version "1.5.0"
  resolved "http://www.yunids.com:8081/repository/npm-public/statuses/-/statuses-1.5.0.tgz#161c7dac177659fd9811f43771fa99381478628c"
  integrity sha1-Fhx9rBd2Wf2YEfQ3cfqZOBR4Yow=

string-convert@^0.2.0:
  version "0.2.1"
  resolved "http://www.yunids.com:8081/repository/npm-public/string-convert/-/string-convert-0.2.1.tgz#6982cc3049fbb4cd85f8b24568b9d9bf39eeff97"
  integrity sha1-aYLMMEn7tM2F+LJFaLnZvznu/5c=

tinycolor2@^1.4.1:
  version "1.4.1"
  resolved "http://www.yunids.com:8081/repository/npm-public/tinycolor2/-/tinycolor2-1.4.1.tgz#f4fad333447bc0b07d4dc8e9209d8f39a8ac77e8"
  integrity sha1-9PrTM0R7wLB9TcjpIJ2POaisd+g=

toggle-selection@^1.0.6:
  version "1.0.6"
  resolved "http://www.yunids.com:8081/repository/npm-public/toggle-selection/-/toggle-selection-1.0.6.tgz#6e45b1263f2017fa0acc7d89d78b15b8bf77da32"
  integrity sha1-bkWxJj8gF/oKzH2J14sVuL932jI=

toidentifier@1.0.0:
  version "1.0.0"
  resolved "http://www.yunids.com:8081/repository/npm-public/toidentifier/-/toidentifier-1.0.0.tgz#7e1be3470f1e77948bc43d94a3c8f4d7752ba553"
  integrity sha1-fhvjRw8ed5SLxD2Uo8j013UrpVM=

warning@^4.0.1, warning@^4.0.3:
  version "4.0.3"
  resolved "http://www.yunids.com:8081/repository/npm-public/warning/-/warning-4.0.3.tgz#16e9e077eb8a86d6af7d64aa1e05fd85b4678ca3"
  integrity sha1-Fungd+uKhtavfWSqHgX9hbRnjKM=
  dependencies:
    loose-envify "^1.0.0"
